{
  "name": "Ecommerce",
  "lockfileVersion": 2,
  "requires": true,
  "packages": {
    "": {
      "dependencies": {
        "caniuse-lite": "^1.0.30001283"
      }
    },
    "node_modules/caniuse-lite": {
      "version": "1.0.30001283",
      "resolved": "https://registry.npmjs.org/caniuse-lite/-/caniuse-lite-1.0.30001283.tgz",
      "integrity": "sha512-9RoKo841j1GQFSJz/nCXOj0sD7tHBtlowjYlrqIUS812x9/emfBLBt6IyMz1zIaYc/eRL8Cs6HPUVi2Hzq4sIg==",
      "funding": {
        "type": "opencollective",
        "url": "https://opencollective.com/browserslist"
      }
    }
  },
  "dependencies": {
    "caniuse-lite": {
      "version": "1.0.30001283",
      "resolved": "https://registry.npmjs.org/caniuse-lite/-/caniuse-lite-1.0.30001283.tgz",
      "integrity": "sha512-9RoKo841j1GQFSJz/nCXOj0sD7tHBtlowjYlrqIUS812x9/emfBLBt6IyMz1zIaYc/eRL8Cs6HPUVi2Hzq4sIg=="
    }
  }
}
